
Microsoft Visual Studio Solution File, Format Version 12.00
# Visual Studio Version 17
VisualStudioVersion = 17.7.34031.279
MinimumVisualStudioVersion = 10.0.40219.1
Project("{FAE04EC0-301F-11D3-BF4B-00C04F79EFBC}") = "MongoDbNight", "MongoDbNight\MongoDbNight.csproj", "{8FF817AE-1733-448A-A491-89B4C285475F}"
EndProject
Global
	GlobalSection(SolutionConfigurationPlatforms) = preSolution
		Debug|Any CPU = Debug|Any CPU
		Release|Any CPU = Release|Any CPU
	EndGlobalSection
	GlobalSection(ProjectConfigurationPlatforms) = postSolution
		{8FF817AE-1733-448A-A491-89B4C285475F}.Debug|Any CPU.ActiveCfg = Debug|Any CPU
		{8FF817AE-1733-448A-A491-89B4C285475F}.Debug|Any CPU.Build.0 = Debug|Any CPU
		{8FF817AE-1733-448A-A491-89B4C285475F}.Release|Any CPU.ActiveCfg = Release|Any CPU
		{8FF817AE-1733-448A-A491-89B4C285475F}.Release|Any CPU.Build.0 = Release|Any CPU
	EndGlobalSection
	GlobalSection(SolutionProperties) = preSolution
		HideSolutionNode = FALSE
	EndGlobalSection
	GlobalSection(ExtensibilityGlobals) = postSolution
		SolutionGuid = {1C360B8A-5A0D-4DB7-8F98-EF6AE19F3EAA}
	EndGlobalSection
EndGlobal
